// !$*UTF8*$!
{
	archiveVersion = 1;
	classes = {
	};
	objectVersion = 46;
	objects = {

/* Begin PBXBuildFile section */
		874CD40315033EDE00D11EBA /* ShoutCreateViewController.xib in Resources */ = {isa = PBXBuildFile; fileRef = 874CD40215033EDE00D11EBA /* ShoutCreateViewController.xib */; };
		87713AC8150391E700CA6EE3 /* camera.png in Resources */ = {isa = PBXBuildFile; fileRef = 87713AC3150391E700CA6EE3 /* camera.png */; };
		87713AC9150391E700CA6EE3 /* globe.png in Resources */ = {isa = PBXBuildFile; fileRef = 87713AC4150391E700CA6EE3 /* globe.png */; };
		87713ACA150391E700CA6EE3 /* notuploaded.png in Resources */ = {isa = PBXBuildFile; fileRef = 87713AC5150391E700CA6EE3 /* notuploaded.png */; };
		87713ACB150391E700CA6EE3 /* speaker_mini.png in Resources */ = {isa = PBXBuildFile; fileRef = 87713AC6150391E700CA6EE3 /* speaker_mini.png */; };
		87713ACC150391E700CA6EE3 /* speaker.png in Resources */ = {isa = PBXBuildFile; fileRef = 87713AC7150391E700CA6EE3 /* speaker.png */; };
		87713B0B15041CAC00CA6EE3 /* DropDownView.m in Sources */ = {isa = PBXBuildFile; fileRef = 87713B0915041CAB00CA6EE3 /* DropDownView.m */; };
		87713B0C15041CAC00CA6EE3 /* DropDownView.xib in Resources */ = {isa = PBXBuildFile; fileRef = 87713B0A15041CAB00CA6EE3 /* DropDownView.xib */; };
		87713B1015041CB900CA6EE3 /* pin_select.png in Resources */ = {isa = PBXBuildFile; fileRef = 87713B0E15041CB800CA6EE3 /* pin_select.png */; };
		87713B1115041CB900CA6EE3 /* pin.png in Resources */ = {isa = PBXBuildFile; fileRef = 87713B0F15041CB800CA6EE3 /* pin.png */; };
		87F240C51502BD7200678277 /* UIKit.framework in Frameworks */ = {isa = PBXBuildFile; fileRef = 87F240C41502BD7200678277 /* UIKit.framework */; };
		87F240C71502BD7200678277 /* Foundation.framework in Frameworks */ = {isa = PBXBuildFile; fileRef = 87F240C61502BD7200678277 /* Foundation.framework */; };
		87F240C91502BD7200678277 /* CoreGraphics.framework in Frameworks */ = {isa = PBXBuildFile; fileRef = 87F240C81502BD7200678277 /* CoreGraphics.framework */; };
		87F240CB1502BD7200678277 /* CoreData.framework in Frameworks */ = {isa = PBXBuildFile; fileRef = 87F240CA1502BD7200678277 /* CoreData.framework */; };
		87F240D11502BD7200678277 /* InfoPlist.strings in Resources */ = {isa = PBXBuildFile; fileRef = 87F240CF1502BD7200678277 /* InfoPlist.strings */; };
		87F240D31502BD7200678277 /* main.m in Sources */ = {isa = PBXBuildFile; fileRef = 87F240D21502BD7200678277 /* main.m */; };
		87F240D71502BD7200678277 /* AppDelegate.m in Sources */ = {isa = PBXBuildFile; fileRef = 87F240D61502BD7200678277 /* AppDelegate.m */; };
		87F240DA1502BD7200678277 /* ShoutOut.xcdatamodeld in Sources */ = {isa = PBXBuildFile; fileRef = 87F240D81502BD7200678277 /* ShoutOut.xcdatamodeld */; };
		87F240E21502BF4C00678277 /* MapViewController.m in Sources */ = {isa = PBXBuildFile; fileRef = 87F240E11502BF4C00678277 /* MapViewController.m */; };
		87F240E71502C48100678277 /* MapKit.framework in Frameworks */ = {isa = PBXBuildFile; fileRef = 87F240E61502C48100678277 /* MapKit.framework */; };
		87F241051502DF9300678277 /* CoreLocation.framework in Frameworks */ = {isa = PBXBuildFile; fileRef = 87F241041502DF9300678277 /* CoreLocation.framework */; };
		87F241081502E11C00678277 /* ShoutFetcher.m in Sources */ = {isa = PBXBuildFile; fileRef = 87F241071502E11C00678277 /* ShoutFetcher.m */; };
		A8427645150353B800D26C68 /* DropPin.m in Sources */ = {isa = PBXBuildFile; fileRef = A8427644150353B800D26C68 /* DropPin.m */; };
		A8702D451502EC560030F00D /* (null) in Resources */ = {isa = PBXBuildFile; };
		A88A23BA15040AFB00A622A8 /* picbig1.png in Resources */ = {isa = PBXBuildFile; fileRef = A88A23B015040AFB00A622A8 /* picbig1.png */; };
		A88A23BB15040AFB00A622A8 /* picbig2.png in Resources */ = {isa = PBXBuildFile; fileRef = A88A23B115040AFB00A622A8 /* picbig2.png */; };
		A88A23BC15040AFB00A622A8 /* picbig3.png in Resources */ = {isa = PBXBuildFile; fileRef = A88A23B215040AFB00A622A8 /* picbig3.png */; };
		A88A23BD15040AFB00A622A8 /* picbig4.png in Resources */ = {isa = PBXBuildFile; fileRef = A88A23B315040AFB00A622A8 /* picbig4.png */; };
		A88A23BE15040AFB00A622A8 /* picbig5.png in Resources */ = {isa = PBXBuildFile; fileRef = A88A23B415040AFB00A622A8 /* picbig5.png */; };
		A88A23BF15040AFB00A622A8 /* picsmall1.png in Resources */ = {isa = PBXBuildFile; fileRef = A88A23B515040AFB00A622A8 /* picsmall1.png */; };
		A88A23C015040AFB00A622A8 /* picsmall2.png in Resources */ = {isa = PBXBuildFile; fileRef = A88A23B615040AFB00A622A8 /* picsmall2.png */; };
		A88A23C115040AFB00A622A8 /* picsmall3.png in Resources */ = {isa = PBXBuildFile; fileRef = A88A23B715040AFB00A622A8 /* picsmall3.png */; };
		A88A23C215040AFB00A622A8 /* picsmall4.png in Resources */ = {isa = PBXBuildFile; fileRef = A88A23B815040AFB00A622A8 /* picsmall4.png */; };
		A88A23C315040AFB00A622A8 /* picsmall5.png in Resources */ = {isa = PBXBuildFile; fileRef = A88A23B915040AFB00A622A8 /* picsmall5.png */; };
		A8C684EB1502FC0800605446 /* (null) in Sources */ = {isa = PBXBuildFile; };
		A8D1B1C515036C9B00C2EB8A /* NSObject+SBJson.m in Sources */ = {isa = PBXBuildFile; fileRef = A8D1B1AD15036C9B00C2EB8A /* NSObject+SBJson.m */; };
		A8D1B1C615036C9B00C2EB8A /* SBJsonParser.m in Sources */ = {isa = PBXBuildFile; fileRef = A8D1B1B015036C9B00C2EB8A /* SBJsonParser.m */; };
		A8D1B1C715036C9B00C2EB8A /* SBJsonStreamParser.m in Sources */ = {isa = PBXBuildFile; fileRef = A8D1B1B215036C9B00C2EB8A /* SBJsonStreamParser.m */; };
		A8D1B1C815036C9B00C2EB8A /* SBJsonStreamParserAccumulator.m in Sources */ = {isa = PBXBuildFile; fileRef = A8D1B1B415036C9B00C2EB8A /* SBJsonStreamParserAccumulator.m */; };
		A8D1B1C915036C9B00C2EB8A /* SBJsonStreamParserAdapter.m in Sources */ = {isa = PBXBuildFile; fileRef = A8D1B1B615036C9B00C2EB8A /* SBJsonStreamParserAdapter.m */; };
		A8D1B1CA15036C9B00C2EB8A /* SBJsonStreamParserState.m in Sources */ = {isa = PBXBuildFile; fileRef = A8D1B1B815036C9B00C2EB8A /* SBJsonStreamParserState.m */; };
		A8D1B1CB15036C9B00C2EB8A /* SBJsonStreamWriter.m in Sources */ = {isa = PBXBuildFile; fileRef = A8D1B1BA15036C9B00C2EB8A /* SBJsonStreamWriter.m */; };
		A8D1B1CC15036C9B00C2EB8A /* SBJsonStreamWriterAccumulator.m in Sources */ = {isa = PBXBuildFile; fileRef = A8D1B1BC15036C9B00C2EB8A /* SBJsonStreamWriterAccumulator.m */; };
		A8D1B1CD15036C9B00C2EB8A /* SBJsonStreamWriterState.m in Sources */ = {isa = PBXBuildFile; fileRef = A8D1B1BE15036C9B00C2EB8A /* SBJsonStreamWriterState.m */; };
		A8D1B1CE15036C9B00C2EB8A /* SBJsonTokeniser.m in Sources */ = {isa = PBXBuildFile; fileRef = A8D1B1C015036C9B00C2EB8A /* SBJsonTokeniser.m */; };
		A8D1B1CF15036C9B00C2EB8A /* SBJsonUTF8Stream.m in Sources */ = {isa = PBXBuildFile; fileRef = A8D1B1C215036C9B00C2EB8A /* SBJsonUTF8Stream.m */; };
		A8D1B1D015036C9B00C2EB8A /* SBJsonWriter.m in Sources */ = {isa = PBXBuildFile; fileRef = A8D1B1C415036C9B00C2EB8A /* SBJsonWriter.m */; };
		A8DC4D3F15032F3E0042A6B6 /* ShoutCreateViewController.m in Sources */ = {isa = PBXBuildFile; fileRef = A8DC4D3E15032F3E0042A6B6 /* ShoutCreateViewController.m */; };
		A8DC4D4215032F740042A6B6 /* Shout.m in Sources */ = {isa = PBXBuildFile; fileRef = A8DC4D4115032F740042A6B6 /* Shout.m */; };
		A8E185DC1503B2EE00463674 /* notuploaded.png in Resources */ = {isa = PBXBuildFile; fileRef = A8E185DB1503B2EE00463674 /* notuploaded.png */; };
		A8E185DE1503BD0000463674 /* location.png in Resources */ = {isa = PBXBuildFile; fileRef = A8E185DD1503BD0000463674 /* location.png */; };
/* End PBXBuildFile section */

/* Begin PBXFileReference section */
		874CD40215033EDE00D11EBA /* ShoutCreateViewController.xib */ = {isa = PBXFileReference; fileEncoding = 4; lastKnownFileType = file.xib; path = ShoutCreateViewController.xib; sourceTree = "<group>"; };
		87713AC3150391E700CA6EE3 /* camera.png */ = {isa = PBXFileReference; lastKnownFileType = image.png; path = camera.png; sourceTree = "<group>"; };
		87713AC4150391E700CA6EE3 /* globe.png */ = {isa = PBXFileReference; lastKnownFileType = image.png; path = globe.png; sourceTree = "<group>"; };
		87713AC5150391E700CA6EE3 /* notuploaded.png */ = {isa = PBXFileReference; lastKnownFileType = image.png; path = notuploaded.png; sourceTree = "<group>"; };
		87713AC6150391E700CA6EE3 /* speaker_mini.png */ = {isa = PBXFileReference; lastKnownFileType = image.png; path = speaker_mini.png; sourceTree = "<group>"; };
		87713AC7150391E700CA6EE3 /* speaker.png */ = {isa = PBXFileReference; lastKnownFileType = image.png; path = speaker.png; sourceTree = "<group>"; };
		87713B0815041CAB00CA6EE3 /* DropDownView.h */ = {isa = PBXFileReference; fileEncoding = 4; lastKnownFileType = sourcecode.c.h; path = DropDownView.h; sourceTree = "<group>"; };
		87713B0915041CAB00CA6EE3 /* DropDownView.m */ = {isa = PBXFileReference; fileEncoding = 4; lastKnownFileType = sourcecode.c.objc; path = DropDownView.m; sourceTree = "<group>"; };
		87713B0A15041CAB00CA6EE3 /* DropDownView.xib */ = {isa = PBXFileReference; fileEncoding = 4; lastKnownFileType = file.xib; path = DropDownView.xib; sourceTree = "<group>"; };
		87713B0E15041CB800CA6EE3 /* pin_select.png */ = {isa = PBXFileReference; lastKnownFileType = image.png; name = pin_select.png; path = Resources/pin_select.png; sourceTree = "<group>"; };
		87713B0F15041CB800CA6EE3 /* pin.png */ = {isa = PBXFileReference; lastKnownFileType = image.png; name = pin.png; path = Resources/pin.png; sourceTree = "<group>"; };
		87F240C01502BD7200678277 /* ShoutOut.app */ = {isa = PBXFileReference; explicitFileType = wrapper.application; includeInIndex = 0; path = ShoutOut.app; sourceTree = BUILT_PRODUCTS_DIR; };
		87F240C41502BD7200678277 /* UIKit.framework */ = {isa = PBXFileReference; lastKnownFileType = wrapper.framework; name = UIKit.framework; path = System/Library/Frameworks/UIKit.framework; sourceTree = SDKROOT; };
		87F240C61502BD7200678277 /* Foundation.framework */ = {isa = PBXFileReference; lastKnownFileType = wrapper.framework; name = Foundation.framework; path = System/Library/Frameworks/Foundation.framework; sourceTree = SDKROOT; };
		87F240C81502BD7200678277 /* CoreGraphics.framework */ = {isa = PBXFileReference; lastKnownFileType = wrapper.framework; name = CoreGraphics.framework; path = System/Library/Frameworks/CoreGraphics.framework; sourceTree = SDKROOT; };
		87F240CA1502BD7200678277 /* CoreData.framework */ = {isa = PBXFileReference; lastKnownFileType = wrapper.framework; name = CoreData.framework; path = System/Library/Frameworks/CoreData.framework; sourceTree = SDKROOT; };
		87F240CE1502BD7200678277 /* ShoutOut-Info.plist */ = {isa = PBXFileReference; lastKnownFileType = text.plist.xml; path = "ShoutOut-Info.plist"; sourceTree = "<group>"; };
		87F240D01502BD7200678277 /* en */ = {isa = PBXFileReference; lastKnownFileType = text.plist.strings; name = en; path = en.lproj/InfoPlist.strings; sourceTree = "<group>"; };
		87F240D21502BD7200678277 /* main.m */ = {isa = PBXFileReference; lastKnownFileType = sourcecode.c.objc; path = main.m; sourceTree = "<group>"; };
		87F240D41502BD7200678277 /* ShoutOut-Prefix.pch */ = {isa = PBXFileReference; lastKnownFileType = sourcecode.c.h; path = "ShoutOut-Prefix.pch"; sourceTree = "<group>"; };
		87F240D51502BD7200678277 /* AppDelegate.h */ = {isa = PBXFileReference; lastKnownFileType = sourcecode.c.h; path = AppDelegate.h; sourceTree = "<group>"; };
		87F240D61502BD7200678277 /* AppDelegate.m */ = {isa = PBXFileReference; lastKnownFileType = sourcecode.c.objc; path = AppDelegate.m; sourceTree = "<group>"; };
		87F240D91502BD7200678277 /* ShoutOut.xcdatamodel */ = {isa = PBXFileReference; lastKnownFileType = wrapper.xcdatamodel; path = ShoutOut.xcdatamodel; sourceTree = "<group>"; };
		87F240E01502BF4C00678277 /* MapViewController.h */ = {isa = PBXFileReference; fileEncoding = 4; lastKnownFileType = sourcecode.c.h; path = MapViewController.h; sourceTree = "<group>"; };
		87F240E11502BF4C00678277 /* MapViewController.m */ = {isa = PBXFileReference; fileEncoding = 4; lastKnownFileType = sourcecode.c.objc; path = MapViewController.m; sourceTree = "<group>"; };
		87F240E61502C48100678277 /* MapKit.framework */ = {isa = PBXFileReference; lastKnownFileType = wrapper.framework; name = MapKit.framework; path = System/Library/Frameworks/MapKit.framework; sourceTree = SDKROOT; };
		87F241041502DF9300678277 /* CoreLocation.framework */ = {isa = PBXFileReference; lastKnownFileType = wrapper.framework; name = CoreLocation.framework; path = System/Library/Frameworks/CoreLocation.framework; sourceTree = SDKROOT; };
		87F241061502E11B00678277 /* ShoutFetcher.h */ = {isa = PBXFileReference; fileEncoding = 4; lastKnownFileType = sourcecode.c.h; path = ShoutFetcher.h; sourceTree = "<group>"; };
		87F241071502E11C00678277 /* ShoutFetcher.m */ = {isa = PBXFileReference; fileEncoding = 4; lastKnownFileType = sourcecode.c.objc; path = ShoutFetcher.m; sourceTree = "<group>"; };
		A8427643150353B800D26C68 /* DropPin.h */ = {isa = PBXFileReference; fileEncoding = 4; lastKnownFileType = sourcecode.c.h; path = DropPin.h; sourceTree = "<group>"; };
		A8427644150353B800D26C68 /* DropPin.m */ = {isa = PBXFileReference; fileEncoding = 4; lastKnownFileType = sourcecode.c.objc; path = DropPin.m; sourceTree = "<group>"; };
		A88A23B015040AFB00A622A8 /* picbig1.png */ = {isa = PBXFileReference; lastKnownFileType = image.png; path = picbig1.png; sourceTree = "<group>"; };
		A88A23B115040AFB00A622A8 /* picbig2.png */ = {isa = PBXFileReference; lastKnownFileType = image.png; path = picbig2.png; sourceTree = "<group>"; };
		A88A23B215040AFB00A622A8 /* picbig3.png */ = {isa = PBXFileReference; lastKnownFileType = image.png; path = picbig3.png; sourceTree = "<group>"; };
		A88A23B315040AFB00A622A8 /* picbig4.png */ = {isa = PBXFileReference; lastKnownFileType = image.png; path = picbig4.png; sourceTree = "<group>"; };
		A88A23B415040AFB00A622A8 /* picbig5.png */ = {isa = PBXFileReference; lastKnownFileType = image.png; path = picbig5.png; sourceTree = "<group>"; };
		A88A23B515040AFB00A622A8 /* picsmall1.png */ = {isa = PBXFileReference; lastKnownFileType = image.png; path = picsmall1.png; sourceTree = "<group>"; };
		A88A23B615040AFB00A622A8 /* picsmall2.png */ = {isa = PBXFileReference; lastKnownFileType = image.png; path = picsmall2.png; sourceTree = "<group>"; };
		A88A23B715040AFB00A622A8 /* picsmall3.png */ = {isa = PBXFileReference; lastKnownFileType = image.png; path = picsmall3.png; sourceTree = "<group>"; };
		A88A23B815040AFB00A622A8 /* picsmall4.png */ = {isa = PBXFileReference; lastKnownFileType = image.png; path = picsmall4.png; sourceTree = "<group>"; };
		A88A23B915040AFB00A622A8 /* picsmall5.png */ = {isa = PBXFileReference; lastKnownFileType = image.png; path = picsmall5.png; sourceTree = "<group>"; };
		A8D1B1AC15036C9B00C2EB8A /* NSObject+SBJson.h */ = {isa = PBXFileReference; fileEncoding = 4; lastKnownFileType = sourcecode.c.h; path = "NSObject+SBJson.h"; sourceTree = "<group>"; };
		A8D1B1AD15036C9B00C2EB8A /* NSObject+SBJson.m */ = {isa = PBXFileReference; fileEncoding = 4; lastKnownFileType = sourcecode.c.objc; path = "NSObject+SBJson.m"; sourceTree = "<group>"; };
		A8D1B1AE15036C9B00C2EB8A /* SBJson.h */ = {isa = PBXFileReference; fileEncoding = 4; lastKnownFileType = sourcecode.c.h; path = SBJson.h; sourceTree = "<group>"; };
		A8D1B1AF15036C9B00C2EB8A /* SBJsonParser.h */ = {isa = PBXFileReference; fileEncoding = 4; lastKnownFileType = sourcecode.c.h; path = SBJsonParser.h; sourceTree = "<group>"; };
		A8D1B1B015036C9B00C2EB8A /* SBJsonParser.m */ = {isa = PBXFileReference; fileEncoding = 4; lastKnownFileType = sourcecode.c.objc; path = SBJsonParser.m; sourceTree = "<group>"; };
		A8D1B1B115036C9B00C2EB8A /* SBJsonStreamParser.h */ = {isa = PBXFileReference; fileEncoding = 4; lastKnownFileType = sourcecode.c.h; path = SBJsonStreamParser.h; sourceTree = "<group>"; };
		A8D1B1B215036C9B00C2EB8A /* SBJsonStreamParser.m */ = {isa = PBXFileReference; fileEncoding = 4; lastKnownFileType = sourcecode.c.objc; path = SBJsonStreamParser.m; sourceTree = "<group>"; };
		A8D1B1B315036C9B00C2EB8A /* SBJsonStreamParserAccumulator.h */ = {isa = PBXFileReference; fileEncoding = 4; lastKnownFileType = sourcecode.c.h; path = SBJsonStreamParserAccumulator.h; sourceTree = "<group>"; };
		A8D1B1B415036C9B00C2EB8A /* SBJsonStreamParserAccumulator.m */ = {isa = PBXFileReference; fileEncoding = 4; lastKnownFileType = sourcecode.c.objc; path = SBJsonStreamParserAccumulator.m; sourceTree = "<group>"; };
		A8D1B1B515036C9B00C2EB8A /* SBJsonStreamParserAdapter.h */ = {isa = PBXFileReference; fileEncoding = 4; lastKnownFileType = sourcecode.c.h; path = SBJsonStreamParserAdapter.h; sourceTree = "<group>"; };
		A8D1B1B615036C9B00C2EB8A /* SBJsonStreamParserAdapter.m */ = {isa = PBXFileReference; fileEncoding = 4; lastKnownFileType = sourcecode.c.objc; path = SBJsonStreamParserAdapter.m; sourceTree = "<group>"; };
		A8D1B1B715036C9B00C2EB8A /* SBJsonStreamParserState.h */ = {isa = PBXFileReference; fileEncoding = 4; lastKnownFileType = sourcecode.c.h; path = SBJsonStreamParserState.h; sourceTree = "<group>"; };
		A8D1B1B815036C9B00C2EB8A /* SBJsonStreamParserState.m */ = {isa = PBXFileReference; fileEncoding = 4; lastKnownFileType = sourcecode.c.objc; path = SBJsonStreamParserState.m; sourceTree = "<group>"; };
		A8D1B1B915036C9B00C2EB8A /* SBJsonStreamWriter.h */ = {isa = PBXFileReference; fileEncoding = 4; lastKnownFileType = sourcecode.c.h; path = SBJsonStreamWriter.h; sourceTree = "<group>"; };
		A8D1B1BA15036C9B00C2EB8A /* SBJsonStreamWriter.m */ = {isa = PBXFileReference; fileEncoding = 4; lastKnownFileType = sourcecode.c.objc; path = SBJsonStreamWriter.m; sourceTree = "<group>"; };
		A8D1B1BB15036C9B00C2EB8A /* SBJsonStreamWriterAccumulator.h */ = {isa = PBXFileReference; fileEncoding = 4; lastKnownFileType = sourcecode.c.h; path = SBJsonStreamWriterAccumulator.h; sourceTree = "<group>"; };
		A8D1B1BC15036C9B00C2EB8A /* SBJsonStreamWriterAccumulator.m */ = {isa = PBXFileReference; fileEncoding = 4; lastKnownFileType = sourcecode.c.objc; path = SBJsonStreamWriterAccumulator.m; sourceTree = "<group>"; };
		A8D1B1BD15036C9B00C2EB8A /* SBJsonStreamWriterState.h */ = {isa = PBXFileReference; fileEncoding = 4; lastKnownFileType = sourcecode.c.h; path = SBJsonStreamWriterState.h; sourceTree = "<group>"; };
		A8D1B1BE15036C9B00C2EB8A /* SBJsonStreamWriterState.m */ = {isa = PBXFileReference; fileEncoding = 4; lastKnownFileType = sourcecode.c.objc; path = SBJsonStreamWriterState.m; sourceTree = "<group>"; };
		A8D1B1BF15036C9B00C2EB8A /* SBJsonTokeniser.h */ = {isa = PBXFileReference; fileEncoding = 4; lastKnownFileType = sourcecode.c.h; path = SBJsonTokeniser.h; sourceTree = "<group>"; };
		A8D1B1C015036C9B00C2EB8A /* SBJsonTokeniser.m */ = {isa = PBXFileReference; fileEncoding = 4; lastKnownFileType = sourcecode.c.objc; path = SBJsonTokeniser.m; sourceTree = "<group>"; };
		A8D1B1C115036C9B00C2EB8A /* SBJsonUTF8Stream.h */ = {isa = PBXFileReference; fileEncoding = 4; lastKnownFileType = sourcecode.c.h; path = SBJsonUTF8Stream.h; sourceTree = "<group>"; };
		A8D1B1C215036C9B00C2EB8A /* SBJsonUTF8Stream.m */ = {isa = PBXFileReference; fileEncoding = 4; lastKnownFileType = sourcecode.c.objc; path = SBJsonUTF8Stream.m; sourceTree = "<group>"; };
		A8D1B1C315036C9B00C2EB8A /* SBJsonWriter.h */ = {isa = PBXFileReference; fileEncoding = 4; lastKnownFileType = sourcecode.c.h; path = SBJsonWriter.h; sourceTree = "<group>"; };
		A8D1B1C415036C9B00C2EB8A /* SBJsonWriter.m */ = {isa = PBXFileReference; fileEncoding = 4; lastKnownFileType = sourcecode.c.objc; path = SBJsonWriter.m; sourceTree = "<group>"; };
		A8DC4D3D15032F3E0042A6B6 /* ShoutCreateViewController.h */ = {isa = PBXFileReference; fileEncoding = 4; lastKnownFileType = sourcecode.c.h; path = ShoutCreateViewController.h; sourceTree = "<group>"; };
		A8DC4D3E15032F3E0042A6B6 /* ShoutCreateViewController.m */ = {isa = PBXFileReference; fileEncoding = 4; lastKnownFileType = sourcecode.c.objc; path = ShoutCreateViewController.m; sourceTree = "<group>"; };
		A8DC4D4015032F6A0042A6B6 /* Shout.h */ = {isa = PBXFileReference; fileEncoding = 4; lastKnownFileType = sourcecode.c.h; path = Shout.h; sourceTree = "<group>"; };
		A8DC4D4115032F740042A6B6 /* Shout.m */ = {isa = PBXFileReference; fileEncoding = 4; lastKnownFileType = sourcecode.c.objc; path = Shout.m; sourceTree = "<group>"; };
		A8E185DB1503B2EE00463674 /* notuploaded.png */ = {isa = PBXFileReference; lastKnownFileType = image.png; path = notuploaded.png; sourceTree = "<group>"; };
		A8E185DD1503BD0000463674 /* location.png */ = {isa = PBXFileReference; lastKnownFileType = image.png; path = location.png; sourceTree = "<group>"; };
/* End PBXFileReference section */

/* Begin PBXFrameworksBuildPhase section */
		87F240BD1502BD7200678277 /* Frameworks */ = {
			isa = PBXFrameworksBuildPhase;
			buildActionMask = 2147483647;
			files = (
				87F241051502DF9300678277 /* CoreLocation.framework in Frameworks */,
				87F240E71502C48100678277 /* MapKit.framework in Frameworks */,
				87F240C51502BD7200678277 /* UIKit.framework in Frameworks */,
				87F240C71502BD7200678277 /* Foundation.framework in Frameworks */,
				87F240C91502BD7200678277 /* CoreGraphics.framework in Frameworks */,
				87F240CB1502BD7200678277 /* CoreData.framework in Frameworks */,
			);
			runOnlyForDeploymentPostprocessing = 0;
		};
/* End PBXFrameworksBuildPhase section */

/* Begin PBXGroup section */
		87713AAB1503637E00CA6EE3 /* Resources */ = {
			isa = PBXGroup;
			children = (
				87713AC3150391E700CA6EE3 /* camera.png */,
				87713AC4150391E700CA6EE3 /* globe.png */,
				87713AC5150391E700CA6EE3 /* notuploaded.png */,
				87713AC6150391E700CA6EE3 /* speaker_mini.png */,
				87713AC7150391E700CA6EE3 /* speaker.png */,
			);
			path = Resources;
			sourceTree = "<group>";
		};
		87F240B51502BD7200678277 = {
			isa = PBXGroup;
			children = (
				87F240CC1502BD7200678277 /* ShoutOut */,
				87F240C31502BD7200678277 /* Frameworks */,
				87F240C11502BD7200678277 /* Products */,
			);
			sourceTree = "<group>";
		};
		87F240C11502BD7200678277 /* Products */ = {
			isa = PBXGroup;
			children = (
				87F240C01502BD7200678277 /* ShoutOut.app */,
			);
			name = Products;
			sourceTree = "<group>";
		};
		87F240C31502BD7200678277 /* Frameworks */ = {
			isa = PBXGroup;
			children = (
				87F241041502DF9300678277 /* CoreLocation.framework */,
				87F240E61502C48100678277 /* MapKit.framework */,
				87F240C41502BD7200678277 /* UIKit.framework */,
				87F240C61502BD7200678277 /* Foundation.framework */,
				87F240C81502BD7200678277 /* CoreGraphics.framework */,
				87F240CA1502BD7200678277 /* CoreData.framework */,
			);
			name = Frameworks;
			sourceTree = "<group>";
		};
		87F240CC1502BD7200678277 /* ShoutOut */ = {
			isa = PBXGroup;
			children = (
				87F240D51502BD7200678277 /* AppDelegate.h */,
				87F240D61502BD7200678277 /* AppDelegate.m */,
				A8DC4D3D15032F3E0042A6B6 /* ShoutCreateViewController.h */,
				A8DC4D3E15032F3E0042A6B6 /* ShoutCreateViewController.m */,
				874CD40215033EDE00D11EBA /* ShoutCreateViewController.xib */,
				87F240E01502BF4C00678277 /* MapViewController.h */,
				87F240E11502BF4C00678277 /* MapViewController.m */,
				87713B0E15041CB800CA6EE3 /* pin_select.png */,
				87713B0F15041CB800CA6EE3 /* pin.png */,
				87713B0815041CAB00CA6EE3 /* DropDownView.h */,
				87713B0915041CAB00CA6EE3 /* DropDownView.m */,
				87713B0A15041CAB00CA6EE3 /* DropDownView.xib */,
				A8E185DD1503BD0000463674 /* location.png */,
				A8E185DB1503B2EE00463674 /* notuploaded.png */,
				A8427643150353B800D26C68 /* DropPin.h */,
				A8427644150353B800D26C68 /* DropPin.m */,
				87F241061502E11B00678277 /* ShoutFetcher.h */,
				87F241071502E11C00678277 /* ShoutFetcher.m */,
				A8DC4D4015032F6A0042A6B6 /* Shout.h */,
				A8DC4D4115032F740042A6B6 /* Shout.m */,
				87F240D81502BD7200678277 /* ShoutOut.xcdatamodeld */,
				A88A23AF15040AFB00A622A8 /* pics */,
				A8D1B1AB15036C9B00C2EB8A /* JSON */,
				87713AAB1503637E00CA6EE3 /* Resources */,
				87F240CD1502BD7200678277 /* Supporting Files */,
			);
			path = ShoutOut;
			sourceTree = "<group>";
		};
		87F240CD1502BD7200678277 /* Supporting Files */ = {
			isa = PBXGroup;
			children = (
				87F240CE1502BD7200678277 /* ShoutOut-Info.plist */,
				87F240CF1502BD7200678277 /* InfoPlist.strings */,
				87F240D21502BD7200678277 /* main.m */,
				87F240D41502BD7200678277 /* ShoutOut-Prefix.pch */,
			);
			name = "Supporting Files";
			sourceTree = "<group>";
		};
		A88A23AF15040AFB00A622A8 /* pics */ = {
			isa = PBXGroup;
			children = (
				A88A23B015040AFB00A622A8 /* picbig1.png */,
				A88A23B115040AFB00A622A8 /* picbig2.png */,
				A88A23B215040AFB00A622A8 /* picbig3.png */,
				A88A23B315040AFB00A622A8 /* picbig4.png */,
				A88A23B415040AFB00A622A8 /* picbig5.png */,
				A88A23B515040AFB00A622A8 /* picsmall1.png */,
				A88A23B615040AFB00A622A8 /* picsmall2.png */,
				A88A23B715040AFB00A622A8 /* picsmall3.png */,
				A88A23B815040AFB00A622A8 /* picsmall4.png */,
				A88A23B915040AFB00A622A8 /* picsmall5.png */,
			);
			path = pics;
			sourceTree = "<group>";
		};
		A8D1B1AB15036C9B00C2EB8A /* JSON */ = {
			isa = PBXGroup;
			children = (
				A8D1B1AC15036C9B00C2EB8A /* NSObject+SBJson.h */,
				A8D1B1AD15036C9B00C2EB8A /* NSObject+SBJson.m */,
				A8D1B1AE15036C9B00C2EB8A /* SBJson.h */,
				A8D1B1AF15036C9B00C2EB8A /* SBJsonParser.h */,
				A8D1B1B015036C9B00C2EB8A /* SBJsonParser.m */,
				A8D1B1B115036C9B00C2EB8A /* SBJsonStreamParser.h */,
				A8D1B1B215036C9B00C2EB8A /* SBJsonStreamParser.m */,
				A8D1B1B315036C9B00C2EB8A /* SBJsonStreamParserAccumulator.h */,
				A8D1B1B415036C9B00C2EB8A /* SBJsonStreamParserAccumulator.m */,
				A8D1B1B515036C9B00C2EB8A /* SBJsonStreamParserAdapter.h */,
				A8D1B1B615036C9B00C2EB8A /* SBJsonStreamParserAdapter.m */,
				A8D1B1B715036C9B00C2EB8A /* SBJsonStreamParserState.h */,
				A8D1B1B815036C9B00C2EB8A /* SBJsonStreamParserState.m */,
				A8D1B1B915036C9B00C2EB8A /* SBJsonStreamWriter.h */,
				A8D1B1BA15036C9B00C2EB8A /* SBJsonStreamWriter.m */,
				A8D1B1BB15036C9B00C2EB8A /* SBJsonStreamWriterAccumulator.h */,
				A8D1B1BC15036C9B00C2EB8A /* SBJsonStreamWriterAccumulator.m */,
				A8D1B1BD15036C9B00C2EB8A /* SBJsonStreamWriterState.h */,
				A8D1B1BE15036C9B00C2EB8A /* SBJsonStreamWriterState.m */,
				A8D1B1BF15036C9B00C2EB8A /* SBJsonTokeniser.h */,
				A8D1B1C015036C9B00C2EB8A /* SBJsonTokeniser.m */,
				A8D1B1C115036C9B00C2EB8A /* SBJsonUTF8Stream.h */,
				A8D1B1C215036C9B00C2EB8A /* SBJsonUTF8Stream.m */,
				A8D1B1C315036C9B00C2EB8A /* SBJsonWriter.h */,
				A8D1B1C415036C9B00C2EB8A /* SBJsonWriter.m */,
			);
			name = JSON;
			path = Classes;
			sourceTree = "<group>";
		};
/* End PBXGroup section */

/* Begin PBXNativeTarget section */
		87F240BF1502BD7200678277 /* ShoutOut */ = {
			isa = PBXNativeTarget;
			buildConfigurationList = 87F240DD1502BD7200678277 /* Build configuration list for PBXNativeTarget "ShoutOut" */;
			buildPhases = (
				87F240BC1502BD7200678277 /* Sources */,
				87F240BD1502BD7200678277 /* Frameworks */,
				87F240BE1502BD7200678277 /* Resources */,
			);
			buildRules = (
			);
			dependencies = (
			);
			name = ShoutOut;
			productName = ShoutOut;
			productReference = 87F240C01502BD7200678277 /* ShoutOut.app */;
			productType = "com.apple.product-type.application";
		};
/* End PBXNativeTarget section */

/* Begin PBXProject section */
		87F240B71502BD7200678277 /* Project object */ = {
			isa = PBXProject;
			attributes = {
				LastUpgradeCheck = 0420;
			};
			buildConfigurationList = 87F240BA1502BD7200678277 /* Build configuration list for PBXProject "ShoutOut" */;
			compatibilityVersion = "Xcode 3.2";
			developmentRegion = English;
			hasScannedForEncodings = 0;
			knownRegions = (
				en,
			);
			mainGroup = 87F240B51502BD7200678277;
			productRefGroup = 87F240C11502BD7200678277 /* Products */;
			projectDirPath = "";
			projectRoot = "";
			targets = (
				87F240BF1502BD7200678277 /* ShoutOut */,
			);
		};
/* End PBXProject section */

/* Begin PBXResourcesBuildPhase section */
		87F240BE1502BD7200678277 /* Resources */ = {
			isa = PBXResourcesBuildPhase;
			buildActionMask = 2147483647;
			files = (
				87F240D11502BD7200678277 /* InfoPlist.strings in Resources */,
				A8702D451502EC560030F00D /* (null) in Resources */,
				874CD40315033EDE00D11EBA /* ShoutCreateViewController.xib in Resources */,
				87713AC8150391E700CA6EE3 /* camera.png in Resources */,
				87713AC9150391E700CA6EE3 /* globe.png in Resources */,
				87713ACA150391E700CA6EE3 /* notuploaded.png in Resources */,
				87713ACB150391E700CA6EE3 /* speaker_mini.png in Resources */,
				87713ACC150391E700CA6EE3 /* speaker.png in Resources */,
				A8E185DC1503B2EE00463674 /* notuploaded.png in Resources */,
				A8E185DE1503BD0000463674 /* location.png in Resources */,
				A88A23BA15040AFB00A622A8 /* picbig1.png in Resources */,
				A88A23BB15040AFB00A622A8 /* picbig2.png in Resources */,
				A88A23BC15040AFB00A622A8 /* picbig3.png in Resources */,
				A88A23BD15040AFB00A622A8 /* picbig4.png in Resources */,
				A88A23BE15040AFB00A622A8 /* picbig5.png in Resources */,
				A88A23BF15040AFB00A622A8 /* picsmall1.png in Resources */,
				A88A23C015040AFB00A622A8 /* picsmall2.png in Resources */,
				A88A23C115040AFB00A622A8 /* picsmall3.png in Resources */,
				A88A23C215040AFB00A622A8 /* picsmall4.png in Resources */,
				A88A23C315040AFB00A622A8 /* picsmall5.png in Resources */,
				87713B0C15041CAC00CA6EE3 /* DropDownView.xib in Resources */,
				87713B1015041CB900CA6EE3 /* pin_select.png in Resources */,
				87713B1115041CB900CA6EE3 /* pin.png in Resources */,
			);
			runOnlyForDeploymentPostprocessing = 0;
		};
/* End PBXResourcesBuildPhase section */

/* Begin PBXSourcesBuildPhase section */
		87F240BC1502BD7200678277 /* Sources */ = {
			isa = PBXSourcesBuildPhase;
			buildActionMask = 2147483647;
			files = (
				87F240D31502BD7200678277 /* main.m in Sources */,
				87F240D71502BD7200678277 /* AppDelegate.m in Sources */,
				87F240DA1502BD7200678277 /* ShoutOut.xcdatamodeld in Sources */,
				87F240E21502BF4C00678277 /* MapViewController.m in Sources */,
				87F241081502E11C00678277 /* ShoutFetcher.m in Sources */,
				A8C684EB1502FC0800605446 /* (null) in Sources */,
				A8DC4D3F15032F3E0042A6B6 /* ShoutCreateViewController.m in Sources */,
				A8DC4D4215032F740042A6B6 /* Shout.m in Sources */,
				A8427645150353B800D26C68 /* DropPin.m in Sources */,
				A8D1B1C515036C9B00C2EB8A /* NSObject+SBJson.m in Sources */,
				A8D1B1C615036C9B00C2EB8A /* SBJsonParser.m in Sources */,
				A8D1B1C715036C9B00C2EB8A /* SBJsonStreamParser.m in Sources */,
				A8D1B1C815036C9B00C2EB8A /* SBJsonStreamParserAccumulator.m in Sources */,
				A8D1B1C915036C9B00C2EB8A /* SBJsonStreamParserAdapter.m in Sources */,
				A8D1B1CA15036C9B00C2EB8A /* SBJsonStreamParserState.m in Sources */,
				A8D1B1CB15036C9B00C2EB8A /* SBJsonStreamWriter.m in Sources */,
				A8D1B1CC15036C9B00C2EB8A /* SBJsonStreamWriterAccumulator.m in Sources */,
				A8D1B1CD15036C9B00C2EB8A /* SBJsonStreamWriterState.m in Sources */,
				A8D1B1CE15036C9B00C2EB8A /* SBJsonTokeniser.m in Sources */,
				A8D1B1CF15036C9B00C2EB8A /* SBJsonUTF8Stream.m in Sources */,
				A8D1B1D015036C9B00C2EB8A /* SBJsonWriter.m in Sources */,
				87713B0B15041CAC00CA6EE3 /* DropDownView.m in Sources */,
			);
			runOnlyForDeploymentPostprocessing = 0;
		};
/* End PBXSourcesBuildPhase section */

/* Begin PBXVariantGroup section */
		87F240CF1502BD7200678277 /* InfoPlist.strings */ = {
			isa = PBXVariantGroup;
			children = (
				87F240D01502BD7200678277 /* en */,
			);
			name = InfoPlist.strings;
			sourceTree = "<group>";
		};
/* End PBXVariantGroup section */

/* Begin XCBuildConfiguration section */
		87F240DB1502BD7200678277 /* Debug */ = {
			isa = XCBuildConfiguration;
			buildSettings = {
				ALWAYS_SEARCH_USER_PATHS = NO;
				ARCHS = "$(ARCHS_STANDARD_32_BIT)";
				CLANG_ENABLE_OBJC_ARC = YES;
				"CODE_SIGN_IDENTITY[sdk=iphoneos*]" = "iPhone Developer";
				COPY_PHASE_STRIP = NO;
				GCC_C_LANGUAGE_STANDARD = gnu99;
				GCC_DYNAMIC_NO_PIC = NO;
				GCC_OPTIMIZATION_LEVEL = 0;
				GCC_PREPROCESSOR_DEFINITIONS = (
					"DEBUG=1",
					"$(inherited)",
				);
				GCC_SYMBOLS_PRIVATE_EXTERN = NO;
				GCC_VERSION = com.apple.compilers.llvm.clang.1_0;
				GCC_WARN_ABOUT_MISSING_PROTOTYPES = YES;
				GCC_WARN_ABOUT_RETURN_TYPE = YES;
				GCC_WARN_UNUSED_VARIABLE = YES;
				IPHONEOS_DEPLOYMENT_TARGET = 5.0;
				SDKROOT = iphoneos;
			};
			name = Debug;
		};
		87F240DC1502BD7200678277 /* Release */ = {
			isa = XCBuildConfiguration;
			buildSettings = {
				ALWAYS_SEARCH_USER_PATHS = NO;
				ARCHS = "$(ARCHS_STANDARD_32_BIT)";
				CLANG_ENABLE_OBJC_ARC = YES;
				"CODE_SIGN_IDENTITY[sdk=iphoneos*]" = "iPhone Developer";
				COPY_PHASE_STRIP = YES;
				GCC_C_LANGUAGE_STANDARD = gnu99;
				GCC_VERSION = com.apple.compilers.llvm.clang.1_0;
				GCC_WARN_ABOUT_MISSING_PROTOTYPES = YES;
				GCC_WARN_ABOUT_RETURN_TYPE = YES;
				GCC_WARN_UNUSED_VARIABLE = YES;
				IPHONEOS_DEPLOYMENT_TARGET = 5.0;
				OTHER_CFLAGS = "-DNS_BLOCK_ASSERTIONS=1";
				SDKROOT = iphoneos;
				VALIDATE_PRODUCT = YES;
			};
			name = Release;
		};
		87F240DE1502BD7200678277 /* Debug */ = {
			isa = XCBuildConfiguration;
			buildSettings = {
				GCC_PRECOMPILE_PREFIX_HEADER = YES;
				GCC_PREFIX_HEADER = "ShoutOut/ShoutOut-Prefix.pch";
				INFOPLIST_FILE = "ShoutOut/ShoutOut-Info.plist";
				IPHONEOS_DEPLOYMENT_TARGET = 5.0;
				PRODUCT_NAME = "$(TARGET_NAME)";
				WRAPPER_EXTENSION = app;
			};
			name = Debug;
		};
		87F240DF1502BD7200678277 /* Release */ = {
			isa = XCBuildConfiguration;
			buildSettings = {
				GCC_PRECOMPILE_PREFIX_HEADER = YES;
				GCC_PREFIX_HEADER = "ShoutOut/ShoutOut-Prefix.pch";
				INFOPLIST_FILE = "ShoutOut/ShoutOut-Info.plist";
				IPHONEOS_DEPLOYMENT_TARGET = 5.0;
				PRODUCT_NAME = "$(TARGET_NAME)";
				WRAPPER_EXTENSION = app;
			};
			name = Release;
		};
/* End XCBuildConfiguration section */

/* Begin XCConfigurationList section */
		87F240BA1502BD7200678277 /* Build configuration list for PBXProject "ShoutOut" */ = {
			isa = XCConfigurationList;
			buildConfigurations = (
				87F240DB1502BD7200678277 /* Debug */,
				87F240DC1502BD7200678277 /* Release */,
			);
			defaultConfigurationIsVisible = 0;
			defaultConfigurationName = Release;
		};
		87F240DD1502BD7200678277 /* Build configuration list for PBXNativeTarget "ShoutOut" */ = {
			isa = XCConfigurationList;
			buildConfigurations = (
				87F240DE1502BD7200678277 /* Debug */,
				87F240DF1502BD7200678277 /* Release */,
			);
			defaultConfigurationIsVisible = 0;
			defaultConfigurationName = Release;
		};
/* End XCConfigurationList section */

/* Begin XCVersionGroup section */
		87F240D81502BD7200678277 /* ShoutOut.xcdatamodeld */ = {
			isa = XCVersionGroup;
			children = (
				87F240D91502BD7200678277 /* ShoutOut.xcdatamodel */,
			);
			currentVersion = 87F240D91502BD7200678277 /* ShoutOut.xcdatamodel */;
			path = ShoutOut.xcdatamodeld;
			sourceTree = "<group>";
			versionGroupType = wrapper.xcdatamodel;
		};
/* End XCVersionGroup section */
	};
	rootObject = 87F240B71502BD7200678277 /* Project object */;
}
